
Microsoft Visual Studio Solution File, Format Version 12.00
# Visual Studio Version 17
VisualStudioVersion = 17.8.34309.116
MinimumVisualStudioVersion = 10.0.40219.1
Project("{FAE04EC0-301F-11D3-BF4B-00C04F79EFBC}") = "SpaceBattleShooter", "SpaceBattleShotter\SpaceBattleShooter.csproj", "{66A0C36A-93F9-4534-9466-BE761AD5482B}"
EndProject
Global
	GlobalSection(SolutionConfigurationPlatforms) = preSolution
		Debug|Any CPU = Debug|Any CPU
		Release|Any CPU = Release|Any CPU
	EndGlobalSection
	GlobalSection(ProjectConfigurationPlatforms) = postSolution
		{66A0C36A-93F9-4534-9466-BE761AD5482B}.Debug|Any CPU.ActiveCfg = Debug|Any CPU
		{66A0C36A-93F9-4534-9466-BE761AD5482B}.Debug|Any CPU.Build.0 = Debug|Any CPU
		{66A0C36A-93F9-4534-9466-BE761AD5482B}.Release|Any CPU.ActiveCfg = Release|Any CPU
		{66A0C36A-93F9-4534-9466-BE761AD5482B}.Release|Any CPU.Build.0 = Release|Any CPU
	EndGlobalSection
	GlobalSection(SolutionProperties) = preSolution
		HideSolutionNode = FALSE
	EndGlobalSection
	GlobalSection(ExtensibilityGlobals) = postSolution
		SolutionGuid = {28247C2A-21ED-4DAC-AC6B-749F037DEC7A}
	EndGlobalSection
EndGlobal
